
Microsoft Visual Studio Solution File, Format Version 12.00
# Visual Studio 15
VisualStudioVersion = 15.0.26403.3
MinimumVisualStudioVersion = 10.0.40219.1
Project("{FAE04EC0-301F-11D3-BF4B-00C04F79EFBC}") = "SportsStore.Domain", "SportsStore.Domain\SportsStore.Domain.csproj", "{52506623-49A1-4181-83A9-817A901E163B}"
EndProject
Project("{FAE04EC0-301F-11D3-BF4B-00C04F79EFBC}") = "SportsStore.WebUI", "SportsStore.WebUI\SportsStore.WebUI.csproj", "{40FF7D59-9CB5-476E-8848-F6AF8EBE0DC4}"
EndProject
Project("{FAE04EC0-301F-11D3-BF4B-00C04F79EFBC}") = "SportsStore.UnitTests", "SportsStore.UnitTests\SportsStore.UnitTests.csproj", "{0334678B-8462-4B15-B219-D5F3F98D90E6}"
EndProject
Project("{FAE04EC0-301F-11D3-BF4B-00C04F79EFBC}") = "SportsStore.DomainTests", "SportsStore.DomainTests\SportsStore.DomainTests.csproj", "{78FDAE3D-42C2-4558-B7D1-BA0C6A15D351}"
EndProject
Global
	GlobalSection(SolutionConfigurationPlatforms) = preSolution
		Debug|Any CPU = Debug|Any CPU
		Release|Any CPU = Release|Any CPU
	EndGlobalSection
	GlobalSection(ProjectConfigurationPlatforms) = postSolution
		{52506623-49A1-4181-83A9-817A901E163B}.Debug|Any CPU.ActiveCfg = Debug|Any CPU
		{52506623-49A1-4181-83A9-817A901E163B}.Debug|Any CPU.Build.0 = Debug|Any CPU
		{52506623-49A1-4181-83A9-817A901E163B}.Release|Any CPU.ActiveCfg = Release|Any CPU
		{52506623-49A1-4181-83A9-817A901E163B}.Release|Any CPU.Build.0 = Release|Any CPU
		{40FF7D59-9CB5-476E-8848-F6AF8EBE0DC4}.Debug|Any CPU.ActiveCfg = Debug|Any CPU
		{40FF7D59-9CB5-476E-8848-F6AF8EBE0DC4}.Debug|Any CPU.Build.0 = Debug|Any CPU
		{40FF7D59-9CB5-476E-8848-F6AF8EBE0DC4}.Release|Any CPU.ActiveCfg = Release|Any CPU
		{40FF7D59-9CB5-476E-8848-F6AF8EBE0DC4}.Release|Any CPU.Build.0 = Release|Any CPU
		{0334678B-8462-4B15-B219-D5F3F98D90E6}.Debug|Any CPU.ActiveCfg = Debug|Any CPU
		{0334678B-8462-4B15-B219-D5F3F98D90E6}.Debug|Any CPU.Build.0 = Debug|Any CPU
		{0334678B-8462-4B15-B219-D5F3F98D90E6}.Release|Any CPU.ActiveCfg = Release|Any CPU
		{0334678B-8462-4B15-B219-D5F3F98D90E6}.Release|Any CPU.Build.0 = Release|Any CPU
		{78FDAE3D-42C2-4558-B7D1-BA0C6A15D351}.Debug|Any CPU.ActiveCfg = Debug|Any CPU
		{78FDAE3D-42C2-4558-B7D1-BA0C6A15D351}.Debug|Any CPU.Build.0 = Debug|Any CPU
		{78FDAE3D-42C2-4558-B7D1-BA0C6A15D351}.Release|Any CPU.ActiveCfg = Release|Any CPU
		{78FDAE3D-42C2-4558-B7D1-BA0C6A15D351}.Release|Any CPU.Build.0 = Release|Any CPU
	EndGlobalSection
	GlobalSection(SolutionProperties) = preSolution
		HideSolutionNode = FALSE
	EndGlobalSection
EndGlobal
